// !$*UTF8*$!
{
	archiveVersion = 1;
	classes = {
	};
	objectVersion = 46;
	objects = {

/* Begin PBXBuildFile section */
		470A408218E200080024E368 /* Foundation.framework in Frameworks */ = {isa = PBXBuildFile; fileRef = 4766D0F418DF61F80021C921 /* Foundation.framework */; };
		470A408418E200230024E368 /* libsqlite3.dylib in Frameworks */ = {isa = PBXBuildFile; fileRef = 470A408318E200230024E368 /* libsqlite3.dylib */; };
		470A408818E21EBB0024E368 /* keruser.m in Sources */ = {isa = PBXBuildFile; fileRef = 470A408718E21EBB0024E368 /* keruser.m */; settings = {COMPILER_FLAGS = "-fno-objc-arc"; }; };
		4766D0F818DF61F80021C921 /* main.m in Sources */ = {isa = PBXBuildFile; fileRef = 4766D0F718DF61F80021C921 /* main.m */; settings = {COMPILER_FLAGS = "-fno-objc-arc"; }; };
		4766D10718DF6EB00021C921 /* ORMRequest.m in Sources */ = {isa = PBXBuildFile; fileRef = 4766D10618DF6EB00021C921 /* ORMRequest.m */; settings = {COMPILER_FLAGS = "-fno-objc-arc"; }; };
		47EDD5EF18DFC44B00EDB95E /* DBGest.m in Sources */ = {isa = PBXBuildFile; fileRef = 47EDD5EE18DFC44B00EDB95E /* DBGest.m */; settings = {COMPILER_FLAGS = "-fno-objc-arc"; }; };
/* End PBXBuildFile section */

/* Begin PBXCopyFilesBuildPhase section */
		4EB42E8418E2CFAE008DA68D /* CopyFiles */ = {
			isa = PBXCopyFilesBuildPhase;
			buildActionMask = 2147483647;
			dstPath = "";
			dstSubfolderSpec = 7;
			files = (
			);
			runOnlyForDeploymentPostprocessing = 0;
		};
/* End PBXCopyFilesBuildPhase section */

/* Begin PBXFileReference section */
		470A408318E200230024E368 /* libsqlite3.dylib */ = {isa = PBXFileReference; lastKnownFileType = "compiled.mach-o.dylib"; name = libsqlite3.dylib; path = usr/lib/libsqlite3.dylib; sourceTree = SDKROOT; };
		470A408618E21EBB0024E368 /* keruser.h */ = {isa = PBXFileReference; fileEncoding = 4; lastKnownFileType = sourcecode.c.h; path = keruser.h; sourceTree = "<group>"; };
		470A408718E21EBB0024E368 /* keruser.m */ = {isa = PBXFileReference; fileEncoding = 4; lastKnownFileType = sourcecode.c.objc; path = keruser.m; sourceTree = "<group>"; };
		4766D0F118DF61F80021C921 /* KerOrm */ = {isa = PBXFileReference; explicitFileType = "compiled.mach-o.executable"; includeInIndex = 0; path = KerOrm; sourceTree = BUILT_PRODUCTS_DIR; };
		4766D0F418DF61F80021C921 /* Foundation.framework */ = {isa = PBXFileReference; lastKnownFileType = wrapper.framework; name = Foundation.framework; path = System/Library/Frameworks/Foundation.framework; sourceTree = SDKROOT; };
		4766D0F718DF61F80021C921 /* main.m */ = {isa = PBXFileReference; lastKnownFileType = sourcecode.c.objc; path = main.m; sourceTree = "<group>"; };
		4766D0FB18DF61F80021C921 /* KerOrm.1 */ = {isa = PBXFileReference; lastKnownFileType = text.man; path = KerOrm.1; sourceTree = "<group>"; };
		4766D10518DF6EB00021C921 /* ORMRequest.h */ = {isa = PBXFileReference; fileEncoding = 4; lastKnownFileType = sourcecode.c.h; path = ORMRequest.h; sourceTree = "<group>"; };
		4766D10618DF6EB00021C921 /* ORMRequest.m */ = {isa = PBXFileReference; fileEncoding = 4; lastKnownFileType = sourcecode.c.objc; path = ORMRequest.m; sourceTree = "<group>"; };
		47EDD5ED18DFC44B00EDB95E /* DBGest.h */ = {isa = PBXFileReference; fileEncoding = 4; lastKnownFileType = sourcecode.c.h; path = DBGest.h; sourceTree = "<group>"; };
		47EDD5EE18DFC44B00EDB95E /* DBGest.m */ = {isa = PBXFileReference; fileEncoding = 4; lastKnownFileType = sourcecode.c.objc; path = DBGest.m; sourceTree = "<group>"; };
/* End PBXFileReference section */

/* Begin PBXFrameworksBuildPhase section */
		4766D0EE18DF61F80021C921 /* Frameworks */ = {
			isa = PBXFrameworksBuildPhase;
			buildActionMask = 2147483647;
			files = (
				470A408418E200230024E368 /* libsqlite3.dylib in Frameworks */,
				470A408218E200080024E368 /* Foundation.framework in Frameworks */,
			);
			runOnlyForDeploymentPostprocessing = 0;
		};
/* End PBXFrameworksBuildPhase section */

/* Begin PBXGroup section */
		4766D0E818DF61F80021C921 = {
			isa = PBXGroup;
			children = (
				4766D0F618DF61F80021C921 /* KerOrm */,
				4766D0F318DF61F80021C921 /* Frameworks */,
				4766D0F218DF61F80021C921 /* Products */,
			);
			sourceTree = "<group>";
		};
		4766D0F218DF61F80021C921 /* Products */ = {
			isa = PBXGroup;
			children = (
				4766D0F118DF61F80021C921 /* KerOrm */,
			);
			name = Products;
			sourceTree = "<group>";
		};
		4766D0F318DF61F80021C921 /* Frameworks */ = {
			isa = PBXGroup;
			children = (
				470A408318E200230024E368 /* libsqlite3.dylib */,
				4766D0F418DF61F80021C921 /* Foundation.framework */,
			);
			name = Frameworks;
			sourceTree = "<group>";
		};
		4766D0F618DF61F80021C921 /* KerOrm */ = {
			isa = PBXGroup;
			children = (
				4766D0F718DF61F80021C921 /* main.m */,
				470A408618E21EBB0024E368 /* keruser.h */,
				470A408718E21EBB0024E368 /* keruser.m */,
				47EDD5ED18DFC44B00EDB95E /* DBGest.h */,
				47EDD5EE18DFC44B00EDB95E /* DBGest.m */,
				4766D10618DF6EB00021C921 /* ORMRequest.m */,
				4766D10518DF6EB00021C921 /* ORMRequest.h */,
				4766D0FB18DF61F80021C921 /* KerOrm.1 */,
			);
			path = KerOrm;
			sourceTree = "<group>";
		};
/* End PBXGroup section */

/* Begin PBXNativeTarget section */
		4766D0F018DF61F80021C921 /* KerOrm */ = {
			isa = PBXNativeTarget;
			buildConfigurationList = 4766D0FF18DF61F80021C921 /* Build configuration list for PBXNativeTarget "KerOrm" */;
			buildPhases = (
				4766D0ED18DF61F80021C921 /* Sources */,
				4766D0EE18DF61F80021C921 /* Frameworks */,
				4EB42E8418E2CFAE008DA68D /* CopyFiles */,
			);
			buildRules = (
			);
			dependencies = (
			);
			name = KerOrm;
			productName = KerOrm;
			productReference = 4766D0F118DF61F80021C921 /* KerOrm */;
			productType = "com.apple.product-type.tool";
		};
/* End PBXNativeTarget section */

/* Begin PBXProject section */
		4766D0E918DF61F80021C921 /* Project object */ = {
			isa = PBXProject;
			attributes = {
				LastUpgradeCheck = 0510;
				ORGANIZATIONNAME = Supinfo;
			};
			buildConfigurationList = 4766D0EC18DF61F80021C921 /* Build configuration list for PBXProject "KerOrm" */;
			compatibilityVersion = "Xcode 3.2";
			developmentRegion = English;
			hasScannedForEncodings = 0;
			knownRegions = (
				en,
			);
			mainGroup = 4766D0E818DF61F80021C921;
			productRefGroup = 4766D0F218DF61F80021C921 /* Products */;
			projectDirPath = "";
			projectRoot = "";
			targets = (
				4766D0F018DF61F80021C921 /* KerOrm */,
			);
		};
/* End PBXProject section */

/* Begin PBXSourcesBuildPhase section */
		4766D0ED18DF61F80021C921 /* Sources */ = {
			isa = PBXSourcesBuildPhase;
			buildActionMask = 2147483647;
			files = (
				470A408818E21EBB0024E368 /* keruser.m in Sources */,
				47EDD5EF18DFC44B00EDB95E /* DBGest.m in Sources */,
				4766D10718DF6EB00021C921 /* ORMRequest.m in Sources */,
				4766D0F818DF61F80021C921 /* main.m in Sources */,
			);
			runOnlyForDeploymentPostprocessing = 0;
		};
/* End PBXSourcesBuildPhase section */

/* Begin XCBuildConfiguration section */
		4766D0FD18DF61F80021C921 /* Debug */ = {
			isa = XCBuildConfiguration;
			buildSettings = {
				ALWAYS_SEARCH_USER_PATHS = NO;
				CLANG_CXX_LANGUAGE_STANDARD = "gnu++0x";
				CLANG_CXX_LIBRARY = "libc++";
				CLANG_ENABLE_MODULES = YES;
				CLANG_ENABLE_OBJC_ARC = YES;
				CLANG_WARN_BOOL_CONVERSION = YES;
				CLANG_WARN_CONSTANT_CONVERSION = YES;
				CLANG_WARN_DIRECT_OBJC_ISA_USAGE = YES_ERROR;
				CLANG_WARN_EMPTY_BODY = YES;
				CLANG_WARN_ENUM_CONVERSION = YES;
				CLANG_WARN_INT_CONVERSION = YES;
				CLANG_WARN_OBJC_ROOT_CLASS = YES_ERROR;
				CLANG_WARN__DUPLICATE_METHOD_MATCH = YES;
				COPY_PHASE_STRIP = NO;
				GCC_C_LANGUAGE_STANDARD = gnu99;
				GCC_DYNAMIC_NO_PIC = NO;
				GCC_ENABLE_OBJC_EXCEPTIONS = YES;
				GCC_OPTIMIZATION_LEVEL = 0;
				GCC_PREPROCESSOR_DEFINITIONS = (
					"DEBUG=1",
					"$(inherited)",
				);
				GCC_SYMBOLS_PRIVATE_EXTERN = NO;
				GCC_VERSION = "";
				GCC_WARN_64_TO_32_BIT_CONVERSION = YES;
				GCC_WARN_ABOUT_RETURN_TYPE = YES_ERROR;
				GCC_WARN_UNDECLARED_SELECTOR = YES;
				GCC_WARN_UNINITIALIZED_AUTOS = YES_AGGRESSIVE;
				GCC_WARN_UNUSED_FUNCTION = YES;
				GCC_WARN_UNUSED_VARIABLE = YES;
				MACOSX_DEPLOYMENT_TARGET = 10.9;
				ONLY_ACTIVE_ARCH = YES;
				SDKROOT = macosx;
			};
			name = Debug;
		};
		4766D0FE18DF61F80021C921 /* Release */ = {
			isa = XCBuildConfiguration;
			buildSettings = {
				ALWAYS_SEARCH_USER_PATHS = NO;
				CLANG_CXX_LANGUAGE_STANDARD = "gnu++0x";
				CLANG_CXX_LIBRARY = "libc++";
				CLANG_ENABLE_MODULES = YES;
				CLANG_ENABLE_OBJC_ARC = YES;
				CLANG_WARN_BOOL_CONVERSION = YES;
				CLANG_WARN_CONSTANT_CONVERSION = YES;
				CLANG_WARN_DIRECT_OBJC_ISA_USAGE = YES_ERROR;
				CLANG_WARN_EMPTY_BODY = YES;
				CLANG_WARN_ENUM_CONVERSION = YES;
				CLANG_WARN_INT_CONVERSION = YES;
				CLANG_WARN_OBJC_ROOT_CLASS = YES_ERROR;
				CLANG_WARN__DUPLICATE_METHOD_MATCH = YES;
				COPY_PHASE_STRIP = YES;
				DEBUG_INFORMATION_FORMAT = "dwarf-with-dsym";
				ENABLE_NS_ASSERTIONS = NO;
				GCC_C_LANGUAGE_STANDARD = gnu99;
				GCC_ENABLE_OBJC_EXCEPTIONS = YES;
				GCC_VERSION = "";
				GCC_WARN_64_TO_32_BIT_CONVERSION = YES;
				GCC_WARN_ABOUT_RETURN_TYPE = YES_ERROR;
				GCC_WARN_UNDECLARED_SELECTOR = YES;
				GCC_WARN_UNINITIALIZED_AUTOS = YES_AGGRESSIVE;
				GCC_WARN_UNUSED_FUNCTION = YES;
				GCC_WARN_UNUSED_VARIABLE = YES;
				MACOSX_DEPLOYMENT_TARGET = 10.9;
				SDKROOT = macosx;
			};
			name = Release;
		};
		4766D10018DF61F80021C921 /* Debug */ = {
			isa = XCBuildConfiguration;
			buildSettings = {
				GCC_PRECOMPILE_PREFIX_HEADER = YES;
				GCC_PREFIX_HEADER = "KerOrm/KerOrm-Prefix.pch";
				PRODUCT_NAME = "$(TARGET_NAME)";
			};
			name = Debug;
		};
		4766D10118DF61F80021C921 /* Release */ = {
			isa = XCBuildConfiguration;
			buildSettings = {
				GCC_PRECOMPILE_PREFIX_HEADER = YES;
				GCC_PREFIX_HEADER = "KerOrm/KerOrm-Prefix.pch";
				PRODUCT_NAME = "$(TARGET_NAME)";
			};
			name = Release;
		};
/* End XCBuildConfiguration section */

/* Begin XCConfigurationList section */
		4766D0EC18DF61F80021C921 /* Build configuration list for PBXProject "KerOrm" */ = {
			isa = XCConfigurationList;
			buildConfigurations = (
				4766D0FD18DF61F80021C921 /* Debug */,
				4766D0FE18DF61F80021C921 /* Release */,
			);
			defaultConfigurationIsVisible = 0;
			defaultConfigurationName = Debug;
		};
		4766D0FF18DF61F80021C921 /* Build configuration list for PBXNativeTarget "KerOrm" */ = {
			isa = XCConfigurationList;
			buildConfigurations = (
				4766D10018DF61F80021C921 /* Debug */,
				4766D10118DF61F80021C921 /* Release */,
			);
			defaultConfigurationIsVisible = 0;
			defaultConfigurationName = Debug;
		};
/* End XCConfigurationList section */
	};
	rootObject = 4766D0E918DF61F80021C921 /* Project object */;
}
